
Microsoft Visual Studio Solution File, Format Version 12.00
Project("{FAE04EC0-301F-11D3-BF4B-00C04F79EFBC}") = "WebConnector", "WebConnector\WebConnector.csproj", "{8BFC4D80-F837-43EA-AFF1-FA89FADED80A}"
EndProject
Global
	GlobalSection(SolutionConfigurationPlatforms) = preSolution
		Debug|Any CPU = Debug|Any CPU
		Release|Any CPU = Release|Any CPU
	EndGlobalSection
	GlobalSection(ProjectConfigurationPlatforms) = postSolution
		{8BFC4D80-F837-43EA-AFF1-FA89FADED80A}.Debug|Any CPU.ActiveCfg = Debug|Any CPU
		{8BFC4D80-F837-43EA-AFF1-FA89FADED80A}.Debug|Any CPU.Build.0 = Debug|Any CPU
		{8BFC4D80-F837-43EA-AFF1-FA89FADED80A}.Release|Any CPU.ActiveCfg = Release|Any CPU
		{8BFC4D80-F837-43EA-AFF1-FA89FADED80A}.Release|Any CPU.Build.0 = Release|Any CPU
	EndGlobalSection
EndGlobal
